
Microsoft Visual Studio Solution File, Format Version 12.00
# Visual Studio Version 16
VisualStudioVersion = 16.0.30907.101
MinimumVisualStudioVersion = 10.0.40219.1
Project("{2150E333-8FDC-42A3-9474-1A3956D46DE8}") = "config", "config", "{7EE35D03-3F45-435B-9980-7C22AA7D22E0}"
	ProjectSection(SolutionItems) = preProject
		config\default = config\default
		config\inctrakmanga_cert.conf = config\inctrakmanga_cert.conf
		config\inctrakmanga_cert.sh = config\inctrakmanga_cert.sh
	EndProjectSection
EndProject
Project("{2150E333-8FDC-42A3-9474-1A3956D46DE8}") = "docs", "docs", "{BD267196-C93C-453B-9180-E5DE14D811AE}"
	ProjectSection(SolutionItems) = preProject
		docs\manga.txt = docs\manga.txt
		docs\vis_miner.txt = docs\vis_miner.txt
	EndProjectSection
EndProject
Project("{E24C65DC-7377-472B-9ABA-BC803B73C61A}") = "static.manga.inctrak", "static.manga.inctrak\", "{94E50B7F-4F08-499D-A223-886FAF9B8273}"
	ProjectSection(WebsiteProperties) = preProject
		TargetFrameworkMoniker = ".NETFramework,Version%3Dv4.0"
		Debug.AspNetCompiler.VirtualPath = "/localhost_62973"
		Debug.AspNetCompiler.PhysicalPath = "static.manga.inctrak\"
		Debug.AspNetCompiler.TargetPath = "PrecompiledWeb\localhost_62973\"
		Debug.AspNetCompiler.Updateable = "true"
		Debug.AspNetCompiler.ForceOverwrite = "true"
		Debug.AspNetCompiler.FixedNames = "false"
		Debug.AspNetCompiler.Debug = "True"
		Release.AspNetCompiler.VirtualPath = "/localhost_62973"
		Release.AspNetCompiler.PhysicalPath = "static.manga.inctrak\"
		Release.AspNetCompiler.TargetPath = "PrecompiledWeb\localhost_62973\"
		Release.AspNetCompiler.Updateable = "true"
		Release.AspNetCompiler.ForceOverwrite = "true"
		Release.AspNetCompiler.FixedNames = "false"
		Release.AspNetCompiler.Debug = "False"
		VWDPort = "62973"
		SlnRelativePath = "static.manga.inctrak\"
	EndProjectSection
EndProject
Project("{9A19103F-16F7-4668-BE54-9A1E7A4F7556}") = "Manga.IncTrak", "Manga.IncTrak\Manga.IncTrak.csproj", "{A4320C0D-3E9E-48E9-8BAA-60BDB3A20CD9}"
EndProject
Project("{9A19103F-16F7-4668-BE54-9A1E7A4F7556}") = "web_blaster", "web_blaster\web_blaster.csproj", "{0CA966D2-8604-460D-ABEA-2169C749CF5C}"
EndProject
Project("{E24C65DC-7377-472B-9ABA-BC803B73C61A}") = "visalyzer.com", "visalyzer.com\", "{3F3F476F-9E60-46C5-91D9-59E2BE3D4B23}"
	ProjectSection(WebsiteProperties) = preProject
		TargetFrameworkMoniker = ".NETFramework,Version%3Dv4.0"
		Debug.AspNetCompiler.VirtualPath = "/localhost_56342"
		Debug.AspNetCompiler.PhysicalPath = "visalyzer.com\"
		Debug.AspNetCompiler.TargetPath = "PrecompiledWeb\localhost_56342\"
		Debug.AspNetCompiler.Updateable = "true"
		Debug.AspNetCompiler.ForceOverwrite = "true"
		Debug.AspNetCompiler.FixedNames = "false"
		Debug.AspNetCompiler.Debug = "True"
		Release.AspNetCompiler.VirtualPath = "/localhost_56342"
		Release.AspNetCompiler.PhysicalPath = "visalyzer.com\"
		Release.AspNetCompiler.TargetPath = "PrecompiledWeb\localhost_56342\"
		Release.AspNetCompiler.Updateable = "true"
		Release.AspNetCompiler.ForceOverwrite = "true"
		Release.AspNetCompiler.FixedNames = "false"
		Release.AspNetCompiler.Debug = "False"
		VWDPort = "56342"
		SlnRelativePath = "visalyzer.com\"
	EndProjectSection
EndProject
Project("{E24C65DC-7377-472B-9ABA-BC803B73C61A}") = "docs.visalyzer.com", "docs.visalyzer.com\", "{EAEE3E25-D48D-4BED-BF22-AF71589D8D59}"
	ProjectSection(WebsiteProperties) = preProject
		TargetFrameworkMoniker = ".NETFramework,Version%3Dv4.0"
		Debug.AspNetCompiler.VirtualPath = "/localhost_58736"
		Debug.AspNetCompiler.PhysicalPath = "docs.visalyzer.com\"
		Debug.AspNetCompiler.TargetPath = "PrecompiledWeb\localhost_58736\"
		Debug.AspNetCompiler.Updateable = "true"
		Debug.AspNetCompiler.ForceOverwrite = "true"
		Debug.AspNetCompiler.FixedNames = "false"
		Debug.AspNetCompiler.Debug = "True"
		Release.AspNetCompiler.VirtualPath = "/localhost_58736"
		Release.AspNetCompiler.PhysicalPath = "docs.visalyzer.com\"
		Release.AspNetCompiler.TargetPath = "PrecompiledWeb\localhost_58736\"
		Release.AspNetCompiler.Updateable = "true"
		Release.AspNetCompiler.ForceOverwrite = "true"
		Release.AspNetCompiler.FixedNames = "false"
		Release.AspNetCompiler.Debug = "False"
		VWDPort = "58736"
		SlnRelativePath = "docs.visalyzer.com\"
	EndProjectSection
EndProject
Project("{9A19103F-16F7-4668-BE54-9A1E7A4F7556}") = "VisAlyzer.IncTrak", "VisAlyzer.IncTrak\VisAlyzer.IncTrak.csproj", "{359D5C31-9C8D-4F38-9952-1586D0E069DA}"
EndProject
Project("{9A19103F-16F7-4668-BE54-9A1E7A4F7556}") = "visalyzer.inctrak.com", "visalyzer.inctrak.com\visalyzer.inctrak.com.csproj", "{787DAF19-2F57-4837-A8E1-E9C9C1E64E61}"
EndProject
Project("{9A19103F-16F7-4668-BE54-9A1E7A4F7556}") = "ExcelReader", "ExcelReader\ExcelReader.csproj", "{45FA9590-6E3E-4DEB-A730-ECE88A5565C6}"
EndProject
Global
	GlobalSection(SolutionConfigurationPlatforms) = preSolution
		Debug|Any CPU = Debug|Any CPU
		Release|Any CPU = Release|Any CPU
	EndGlobalSection
	GlobalSection(ProjectConfigurationPlatforms) = postSolution
		{94E50B7F-4F08-499D-A223-886FAF9B8273}.Debug|Any CPU.ActiveCfg = Debug|Any CPU
		{94E50B7F-4F08-499D-A223-886FAF9B8273}.Debug|Any CPU.Build.0 = Debug|Any CPU
		{94E50B7F-4F08-499D-A223-886FAF9B8273}.Release|Any CPU.ActiveCfg = Debug|Any CPU
		{94E50B7F-4F08-499D-A223-886FAF9B8273}.Release|Any CPU.Build.0 = Debug|Any CPU
		{A4320C0D-3E9E-48E9-8BAA-60BDB3A20CD9}.Debug|Any CPU.ActiveCfg = Debug|Any CPU
		{A4320C0D-3E9E-48E9-8BAA-60BDB3A20CD9}.Debug|Any CPU.Build.0 = Debug|Any CPU
		{A4320C0D-3E9E-48E9-8BAA-60BDB3A20CD9}.Release|Any CPU.ActiveCfg = Release|Any CPU
		{A4320C0D-3E9E-48E9-8BAA-60BDB3A20CD9}.Release|Any CPU.Build.0 = Release|Any CPU
		{0CA966D2-8604-460D-ABEA-2169C749CF5C}.Debug|Any CPU.ActiveCfg = Debug|Any CPU
		{0CA966D2-8604-460D-ABEA-2169C749CF5C}.Debug|Any CPU.Build.0 = Debug|Any CPU
		{0CA966D2-8604-460D-ABEA-2169C749CF5C}.Release|Any CPU.ActiveCfg = Release|Any CPU
		{0CA966D2-8604-460D-ABEA-2169C749CF5C}.Release|Any CPU.Build.0 = Release|Any CPU
		{3F3F476F-9E60-46C5-91D9-59E2BE3D4B23}.Debug|Any CPU.ActiveCfg = Debug|Any CPU
		{3F3F476F-9E60-46C5-91D9-59E2BE3D4B23}.Debug|Any CPU.Build.0 = Debug|Any CPU
		{3F3F476F-9E60-46C5-91D9-59E2BE3D4B23}.Release|Any CPU.ActiveCfg = Debug|Any CPU
		{3F3F476F-9E60-46C5-91D9-59E2BE3D4B23}.Release|Any CPU.Build.0 = Debug|Any CPU
		{EAEE3E25-D48D-4BED-BF22-AF71589D8D59}.Debug|Any CPU.ActiveCfg = Debug|Any CPU
		{EAEE3E25-D48D-4BED-BF22-AF71589D8D59}.Debug|Any CPU.Build.0 = Debug|Any CPU
		{EAEE3E25-D48D-4BED-BF22-AF71589D8D59}.Release|Any CPU.ActiveCfg = Debug|Any CPU
		{EAEE3E25-D48D-4BED-BF22-AF71589D8D59}.Release|Any CPU.Build.0 = Debug|Any CPU
		{359D5C31-9C8D-4F38-9952-1586D0E069DA}.Debug|Any CPU.ActiveCfg = Debug|Any CPU
		{359D5C31-9C8D-4F38-9952-1586D0E069DA}.Debug|Any CPU.Build.0 = Debug|Any CPU
		{359D5C31-9C8D-4F38-9952-1586D0E069DA}.Release|Any CPU.ActiveCfg = Release|Any CPU
		{359D5C31-9C8D-4F38-9952-1586D0E069DA}.Release|Any CPU.Build.0 = Release|Any CPU
		{787DAF19-2F57-4837-A8E1-E9C9C1E64E61}.Debug|Any CPU.ActiveCfg = Debug|Any CPU
		{787DAF19-2F57-4837-A8E1-E9C9C1E64E61}.Debug|Any CPU.Build.0 = Debug|Any CPU
		{787DAF19-2F57-4837-A8E1-E9C9C1E64E61}.Release|Any CPU.ActiveCfg = Release|Any CPU
		{787DAF19-2F57-4837-A8E1-E9C9C1E64E61}.Release|Any CPU.Build.0 = Release|Any CPU
		{45FA9590-6E3E-4DEB-A730-ECE88A5565C6}.Debug|Any CPU.ActiveCfg = Debug|Any CPU
		{45FA9590-6E3E-4DEB-A730-ECE88A5565C6}.Debug|Any CPU.Build.0 = Debug|Any CPU
		{45FA9590-6E3E-4DEB-A730-ECE88A5565C6}.Release|Any CPU.ActiveCfg = Release|Any CPU
		{45FA9590-6E3E-4DEB-A730-ECE88A5565C6}.Release|Any CPU.Build.0 = Release|Any CPU
	EndGlobalSection
	GlobalSection(SolutionProperties) = preSolution
		HideSolutionNode = FALSE
	EndGlobalSection
	GlobalSection(ExtensibilityGlobals) = postSolution
		SolutionGuid = {DCA09A05-6598-491D-BACC-4658CA516573}
	EndGlobalSection
EndGlobal
