
Microsoft Visual Studio Solution File, Format Version 12.00
# Visual Studio Version 16
VisualStudioVersion = 16.0.30907.101
MinimumVisualStudioVersion = 10.0.40219.1
Project("{2150E333-8FDC-42A3-9474-1A3956D46DE8}") = "config", "config", "{7EE35D03-3F45-435B-9980-7C22AA7D22E0}"
	ProjectSection(SolutionItems) = preProject
		config\default = config\default
		config\matrixease-com.service = config\matrixease-com.service
		config\matrixease_cert.conf = config\matrixease_cert.conf
		config\matrixease_cert.sh = config\matrixease_cert.sh
	EndProjectSection
EndProject
Project("{2150E333-8FDC-42A3-9474-1A3956D46DE8}") = "docs", "docs", "{BD267196-C93C-453B-9180-E5DE14D811AE}"
	ProjectSection(SolutionItems) = preProject
		docs\build_and_deploy.txt = docs\build_and_deploy.txt
		docs\docker_notes.txt = docs\docker_notes.txt
		docs\manga.txt = docs\manga.txt
	EndProjectSection
EndProject
Project("{9A19103F-16F7-4668-BE54-9A1E7A4F7556}") = "web_blaster", "web_blaster\web_blaster.csproj", "{0CA966D2-8604-460D-ABEA-2169C749CF5C}"
EndProject
Project("{9A19103F-16F7-4668-BE54-9A1E7A4F7556}") = "ExcelReader", "ExcelReader\ExcelReader.csproj", "{45FA9590-6E3E-4DEB-A730-ECE88A5565C6}"
EndProject
Project("{2150E333-8FDC-42A3-9474-1A3956D46DE8}") = "docker", "docker", "{CBFF5AEC-021A-4F6D-A094-EFA5577C9E06}"
	ProjectSection(SolutionItems) = preProject
		docker\docker_matrixease.sh = docker\docker_matrixease.sh
		Dockerfile = Dockerfile
	EndProjectSection
EndProject
Project("{2150E333-8FDC-42A3-9474-1A3956D46DE8}") = "nginx-proxy", "nginx-proxy", "{7A915214-7A2B-4BD0-B45F-C3990BEC926B}"
	ProjectSection(SolutionItems) = preProject
		docker\nginx-proxy\docker-compose.yml = docker\nginx-proxy\docker-compose.yml
		docker\nginx-proxy\my_custom_proxy_settings.conf = docker\nginx-proxy\my_custom_proxy_settings.conf
		docker\nginx-proxy\nginx.tmpl = docker\nginx-proxy\nginx.tmpl
	EndProjectSection
EndProject
Project("{E24C65DC-7377-472B-9ABA-BC803B73C61A}") = "docs.matrixease.com", "docs.matrixease.com\", "{143F71D8-FD19-4D3C-B75B-7F490BB16B30}"
	ProjectSection(WebsiteProperties) = preProject
		TargetFrameworkMoniker = ".NETFramework,Version%3Dv4.0"
		Debug.AspNetCompiler.VirtualPath = "/localhost_62649"
		Debug.AspNetCompiler.PhysicalPath = "docs.matrixease.com\"
		Debug.AspNetCompiler.TargetPath = "PrecompiledWeb\localhost_62649\"
		Debug.AspNetCompiler.Updateable = "true"
		Debug.AspNetCompiler.ForceOverwrite = "true"
		Debug.AspNetCompiler.FixedNames = "false"
		Debug.AspNetCompiler.Debug = "True"
		Release.AspNetCompiler.VirtualPath = "/localhost_62649"
		Release.AspNetCompiler.PhysicalPath = "docs.matrixease.com\"
		Release.AspNetCompiler.TargetPath = "PrecompiledWeb\localhost_62649\"
		Release.AspNetCompiler.Updateable = "true"
		Release.AspNetCompiler.ForceOverwrite = "true"
		Release.AspNetCompiler.FixedNames = "false"
		Release.AspNetCompiler.Debug = "False"
		VWDPort = "62649"
		SlnRelativePath = "docs.matrixease.com\"
	EndProjectSection
EndProject
Project("{E24C65DC-7377-472B-9ABA-BC803B73C61A}") = "www.matrixease.com", "www.matrixease.com\", "{8D35FFD4-8F9F-4CE1-9EBB-1A11CA42CD82}"
	ProjectSection(WebsiteProperties) = preProject
		TargetFrameworkMoniker = ".NETFramework,Version%3Dv4.0"
		Debug.AspNetCompiler.VirtualPath = "/localhost_62753"
		Debug.AspNetCompiler.PhysicalPath = "www.matrixease.com\"
		Debug.AspNetCompiler.TargetPath = "PrecompiledWeb\localhost_62753\"
		Debug.AspNetCompiler.Updateable = "true"
		Debug.AspNetCompiler.ForceOverwrite = "true"
		Debug.AspNetCompiler.FixedNames = "false"
		Debug.AspNetCompiler.Debug = "True"
		Release.AspNetCompiler.VirtualPath = "/localhost_62753"
		Release.AspNetCompiler.PhysicalPath = "www.matrixease.com\"
		Release.AspNetCompiler.TargetPath = "PrecompiledWeb\localhost_62753\"
		Release.AspNetCompiler.Updateable = "true"
		Release.AspNetCompiler.ForceOverwrite = "true"
		Release.AspNetCompiler.FixedNames = "false"
		Release.AspNetCompiler.Debug = "False"
		VWDPort = "62753"
		SlnRelativePath = "www.matrixease.com\"
	EndProjectSection
EndProject
Project("{2150E333-8FDC-42A3-9474-1A3956D46DE8}") = "matrixease_blog_wp", "matrixease_blog_wp", "{900C65F4-CEC9-43DC-A020-EEC942B56276}"
	ProjectSection(SolutionItems) = preProject
		docker\matrixease_blog_wp\docker-compose.yml = docker\matrixease_blog_wp\docker-compose.yml
		docker\matrixease_blog_wp\uploads.ini = docker\matrixease_blog_wp\uploads.ini
	EndProjectSection
EndProject
Project("{2150E333-8FDC-42A3-9474-1A3956D46DE8}") = "matrixease_docs_static", "matrixease_docs_static", "{9204A685-262B-4851-ADDE-AE3BE65C00AE}"
	ProjectSection(SolutionItems) = preProject
		docker\matrixease_docs_static\docker-compose.yml = docker\matrixease_docs_static\docker-compose.yml
	EndProjectSection
EndProject
Project("{2150E333-8FDC-42A3-9474-1A3956D46DE8}") = "matrixease_dotnet", "matrixease_dotnet", "{A68B2ECC-A065-41F2-ADB7-7C421E5606E0}"
	ProjectSection(SolutionItems) = preProject
		docker\matrixease_dotnet\docker-compose.yml = docker\matrixease_dotnet\docker-compose.yml
	EndProjectSection
EndProject
Project("{2150E333-8FDC-42A3-9474-1A3956D46DE8}") = "matrixease_static", "matrixease_static", "{785A70FE-6A17-480C-B290-D5920C9791BF}"
	ProjectSection(SolutionItems) = preProject
		docker\matrixease_static\docker-compose.yml = docker\matrixease_static\docker-compose.yml
	EndProjectSection
EndProject
Project("{2150E333-8FDC-42A3-9474-1A3956D46DE8}") = "matrixease_support_wp", "matrixease_support_wp", "{27CFB9A9-4C47-44A0-BAA1-5C9614A7991A}"
	ProjectSection(SolutionItems) = preProject
		docker\matrixease_support_wp\docker-compose.yml = docker\matrixease_support_wp\docker-compose.yml
		docker\matrixease_support_wp\uploads.ini = docker\matrixease_support_wp\uploads.ini
	EndProjectSection
EndProject
Project("{2150E333-8FDC-42A3-9474-1A3956D46DE8}") = "app", "app", "{101B51C0-44FE-4FD9-8E87-3568D2EB1397}"
	ProjectSection(SolutionItems) = preProject
		docker\matrixease_dotnet\app\appsettings.json = docker\matrixease_dotnet\app\appsettings.json
	EndProjectSection
EndProject
Project("{9A19103F-16F7-4668-BE54-9A1E7A4F7556}") = "MatrixEase.Manga", "MatrixEase.Manga\MatrixEase.Manga.csproj", "{FF898086-F839-4D43-9323-F6CB50B7C39F}"
EndProject
Project("{E24C65DC-7377-472B-9ABA-BC803B73C61A}") = "static.matrixease.wwwroot", "static.matrixease.wwwroot\", "{DB8BEFC0-FCC1-476D-820C-3B973EB66A06}"
	ProjectSection(WebsiteProperties) = preProject
		TargetFrameworkMoniker = ".NETFramework,Version%3Dv4.0"
		Debug.AspNetCompiler.VirtualPath = "/localhost_54024"
		Debug.AspNetCompiler.PhysicalPath = "static.matrixease.wwwroot\"
		Debug.AspNetCompiler.TargetPath = "PrecompiledWeb\localhost_54024\"
		Debug.AspNetCompiler.Updateable = "true"
		Debug.AspNetCompiler.ForceOverwrite = "true"
		Debug.AspNetCompiler.FixedNames = "false"
		Debug.AspNetCompiler.Debug = "True"
		Release.AspNetCompiler.VirtualPath = "/localhost_54024"
		Release.AspNetCompiler.PhysicalPath = "static.matrixease.wwwroot\"
		Release.AspNetCompiler.TargetPath = "PrecompiledWeb\localhost_54024\"
		Release.AspNetCompiler.Updateable = "true"
		Release.AspNetCompiler.ForceOverwrite = "true"
		Release.AspNetCompiler.FixedNames = "false"
		Release.AspNetCompiler.Debug = "False"
		VWDPort = "54024"
		SlnRelativePath = "static.matrixease.wwwroot\"
	EndProjectSection
EndProject
Project("{9A19103F-16F7-4668-BE54-9A1E7A4F7556}") = "MatrixEase.App", "MatrixEase.App\MatrixEase.App.csproj", "{124B3877-F659-4DCD-BBE7-F089AA164A1B}"
EndProject
Project("{9A19103F-16F7-4668-BE54-9A1E7A4F7556}") = "MatrixEase.Web", "MatrixEase.Web\MatrixEase.Web.csproj", "{457D4ACF-EFA5-4C81-8D2E-4D63B3D3BB9B}"
EndProject
Project("{2150E333-8FDC-42A3-9474-1A3956D46DE8}") = "htdocs", "htdocs", "{33167C6A-008B-49CB-81CA-B630D4DB6033}"
	ProjectSection(SolutionItems) = preProject
		docker\matrixease_docs_static\htdocs\placeholder.txt = docker\matrixease_docs_static\htdocs\placeholder.txt
	EndProjectSection
EndProject
Project("{2150E333-8FDC-42A3-9474-1A3956D46DE8}") = "htdocs", "htdocs", "{C0C4F138-F20F-470D-ACBE-3C8D4D734FB6}"
	ProjectSection(SolutionItems) = preProject
		docker\matrixease_static\htdocs\placeholder.txt = docker\matrixease_static\htdocs\placeholder.txt
	EndProjectSection
EndProject
Project("{2150E333-8FDC-42A3-9474-1A3956D46DE8}") = "log", "log", "{590D569D-B326-4658-9F38-765C19AB9903}"
	ProjectSection(SolutionItems) = preProject
		docker\nginx-proxy\log\placeholder.txt = docker\nginx-proxy\log\placeholder.txt
	EndProjectSection
EndProject
Global
	GlobalSection(SolutionConfigurationPlatforms) = preSolution
		Debug|Any CPU = Debug|Any CPU
		Release|Any CPU = Release|Any CPU
	EndGlobalSection
	GlobalSection(ProjectConfigurationPlatforms) = postSolution
		{0CA966D2-8604-460D-ABEA-2169C749CF5C}.Debug|Any CPU.ActiveCfg = Debug|Any CPU
		{0CA966D2-8604-460D-ABEA-2169C749CF5C}.Debug|Any CPU.Build.0 = Debug|Any CPU
		{0CA966D2-8604-460D-ABEA-2169C749CF5C}.Release|Any CPU.ActiveCfg = Release|Any CPU
		{0CA966D2-8604-460D-ABEA-2169C749CF5C}.Release|Any CPU.Build.0 = Release|Any CPU
		{45FA9590-6E3E-4DEB-A730-ECE88A5565C6}.Debug|Any CPU.ActiveCfg = Debug|Any CPU
		{45FA9590-6E3E-4DEB-A730-ECE88A5565C6}.Debug|Any CPU.Build.0 = Debug|Any CPU
		{45FA9590-6E3E-4DEB-A730-ECE88A5565C6}.Release|Any CPU.ActiveCfg = Release|Any CPU
		{45FA9590-6E3E-4DEB-A730-ECE88A5565C6}.Release|Any CPU.Build.0 = Release|Any CPU
		{143F71D8-FD19-4D3C-B75B-7F490BB16B30}.Debug|Any CPU.ActiveCfg = Debug|Any CPU
		{143F71D8-FD19-4D3C-B75B-7F490BB16B30}.Debug|Any CPU.Build.0 = Debug|Any CPU
		{143F71D8-FD19-4D3C-B75B-7F490BB16B30}.Release|Any CPU.ActiveCfg = Debug|Any CPU
		{143F71D8-FD19-4D3C-B75B-7F490BB16B30}.Release|Any CPU.Build.0 = Debug|Any CPU
		{8D35FFD4-8F9F-4CE1-9EBB-1A11CA42CD82}.Debug|Any CPU.ActiveCfg = Debug|Any CPU
		{8D35FFD4-8F9F-4CE1-9EBB-1A11CA42CD82}.Debug|Any CPU.Build.0 = Debug|Any CPU
		{8D35FFD4-8F9F-4CE1-9EBB-1A11CA42CD82}.Release|Any CPU.ActiveCfg = Debug|Any CPU
		{8D35FFD4-8F9F-4CE1-9EBB-1A11CA42CD82}.Release|Any CPU.Build.0 = Debug|Any CPU
		{FF898086-F839-4D43-9323-F6CB50B7C39F}.Debug|Any CPU.ActiveCfg = Debug|Any CPU
		{FF898086-F839-4D43-9323-F6CB50B7C39F}.Debug|Any CPU.Build.0 = Debug|Any CPU
		{FF898086-F839-4D43-9323-F6CB50B7C39F}.Release|Any CPU.ActiveCfg = Release|Any CPU
		{FF898086-F839-4D43-9323-F6CB50B7C39F}.Release|Any CPU.Build.0 = Release|Any CPU
		{DB8BEFC0-FCC1-476D-820C-3B973EB66A06}.Debug|Any CPU.ActiveCfg = Debug|Any CPU
		{DB8BEFC0-FCC1-476D-820C-3B973EB66A06}.Debug|Any CPU.Build.0 = Debug|Any CPU
		{DB8BEFC0-FCC1-476D-820C-3B973EB66A06}.Release|Any CPU.ActiveCfg = Debug|Any CPU
		{DB8BEFC0-FCC1-476D-820C-3B973EB66A06}.Release|Any CPU.Build.0 = Debug|Any CPU
		{124B3877-F659-4DCD-BBE7-F089AA164A1B}.Debug|Any CPU.ActiveCfg = Debug|Any CPU
		{124B3877-F659-4DCD-BBE7-F089AA164A1B}.Debug|Any CPU.Build.0 = Debug|Any CPU
		{124B3877-F659-4DCD-BBE7-F089AA164A1B}.Release|Any CPU.ActiveCfg = Release|Any CPU
		{124B3877-F659-4DCD-BBE7-F089AA164A1B}.Release|Any CPU.Build.0 = Release|Any CPU
		{457D4ACF-EFA5-4C81-8D2E-4D63B3D3BB9B}.Debug|Any CPU.ActiveCfg = Debug|Any CPU
		{457D4ACF-EFA5-4C81-8D2E-4D63B3D3BB9B}.Debug|Any CPU.Build.0 = Debug|Any CPU
		{457D4ACF-EFA5-4C81-8D2E-4D63B3D3BB9B}.Release|Any CPU.ActiveCfg = Release|Any CPU
		{457D4ACF-EFA5-4C81-8D2E-4D63B3D3BB9B}.Release|Any CPU.Build.0 = Release|Any CPU
	EndGlobalSection
	GlobalSection(SolutionProperties) = preSolution
		HideSolutionNode = FALSE
	EndGlobalSection
	GlobalSection(NestedProjects) = preSolution
		{7A915214-7A2B-4BD0-B45F-C3990BEC926B} = {CBFF5AEC-021A-4F6D-A094-EFA5577C9E06}
		{900C65F4-CEC9-43DC-A020-EEC942B56276} = {CBFF5AEC-021A-4F6D-A094-EFA5577C9E06}
		{9204A685-262B-4851-ADDE-AE3BE65C00AE} = {CBFF5AEC-021A-4F6D-A094-EFA5577C9E06}
		{A68B2ECC-A065-41F2-ADB7-7C421E5606E0} = {CBFF5AEC-021A-4F6D-A094-EFA5577C9E06}
		{785A70FE-6A17-480C-B290-D5920C9791BF} = {CBFF5AEC-021A-4F6D-A094-EFA5577C9E06}
		{27CFB9A9-4C47-44A0-BAA1-5C9614A7991A} = {CBFF5AEC-021A-4F6D-A094-EFA5577C9E06}
		{101B51C0-44FE-4FD9-8E87-3568D2EB1397} = {A68B2ECC-A065-41F2-ADB7-7C421E5606E0}
		{33167C6A-008B-49CB-81CA-B630D4DB6033} = {9204A685-262B-4851-ADDE-AE3BE65C00AE}
		{C0C4F138-F20F-470D-ACBE-3C8D4D734FB6} = {785A70FE-6A17-480C-B290-D5920C9791BF}
		{590D569D-B326-4658-9F38-765C19AB9903} = {7A915214-7A2B-4BD0-B45F-C3990BEC926B}
	EndGlobalSection
	GlobalSection(ExtensibilityGlobals) = postSolution
		SolutionGuid = {DCA09A05-6598-491D-BACC-4658CA516573}
	EndGlobalSection
EndGlobal
