Microsoft Visual Studio Solution File, Format Version 12.00
# Visual Studio Version 17
VisualStudioVersion = 17.5.2.0
MinimumVisualStudioVersion = 10.0.40219.1
Project("{FAE04EC0-301F-11D3-BF4B-00C04F79EFBC}") = "MatrixEase.App", "MatrixEase.App\MatrixEase.App.csproj", "{DFA37CBD-4ABF-917C-486A-62A675DF7D3F}"
EndProject
Project("{FAE04EC0-301F-11D3-BF4B-00C04F79EFBC}") = "web_blaster", "web_blaster\web_blaster.csproj", "{CF435624-DB2B-A0CE-719D-5B3B0E9E65BE}"
EndProject
Project("{FAE04EC0-301F-11D3-BF4B-00C04F79EFBC}") = "MatrixEase.Web", "MatrixEase.Web\MatrixEase.Web.csproj", "{37CA72A9-97ED-AE5C-B1F9-27120A99E87D}"
EndProject
Project("{FAE04EC0-301F-11D3-BF4B-00C04F79EFBC}") = "MatrixEase.Manga", "MatrixEase.Manga\MatrixEase.Manga.csproj", "{FA4DDA10-CD03-4676-3D08-5F415C066FFD}"
EndProject
Project("{FAE04EC0-301F-11D3-BF4B-00C04F79EFBC}") = "MatrixEase.Tester", "MatrixEase.Tester\MatrixEase.Tester.csproj", "{7B047C9E-8E32-3B73-D9E0-A54512F94E17}"
EndProject
Project("{FAE04EC0-301F-11D3-BF4B-00C04F79EFBC}") = "MatrixEase.Tester.Tests", "MatrixEase.Tester.Tests\MatrixEase.Tester.Tests.csproj", "{0A651769-9966-BBA6-31A8-63708DF5CE5F}"
EndProject
Global
	GlobalSection(SolutionConfigurationPlatforms) = preSolution
		Debug|Any CPU = Debug|Any CPU
		Release|Any CPU = Release|Any CPU
	EndGlobalSection
	GlobalSection(ProjectConfigurationPlatforms) = postSolution
		{DFA37CBD-4ABF-917C-486A-62A675DF7D3F}.Debug|Any CPU.ActiveCfg = Debug|Any CPU
		{DFA37CBD-4ABF-917C-486A-62A675DF7D3F}.Debug|Any CPU.Build.0 = Debug|Any CPU
		{DFA37CBD-4ABF-917C-486A-62A675DF7D3F}.Release|Any CPU.ActiveCfg = Release|Any CPU
		{DFA37CBD-4ABF-917C-486A-62A675DF7D3F}.Release|Any CPU.Build.0 = Release|Any CPU
		{CF435624-DB2B-A0CE-719D-5B3B0E9E65BE}.Debug|Any CPU.ActiveCfg = Debug|Any CPU
		{CF435624-DB2B-A0CE-719D-5B3B0E9E65BE}.Debug|Any CPU.Build.0 = Debug|Any CPU
		{CF435624-DB2B-A0CE-719D-5B3B0E9E65BE}.Release|Any CPU.ActiveCfg = Release|Any CPU
		{CF435624-DB2B-A0CE-719D-5B3B0E9E65BE}.Release|Any CPU.Build.0 = Release|Any CPU
		{37CA72A9-97ED-AE5C-B1F9-27120A99E87D}.Debug|Any CPU.ActiveCfg = Debug|Any CPU
		{37CA72A9-97ED-AE5C-B1F9-27120A99E87D}.Debug|Any CPU.Build.0 = Debug|Any CPU
		{37CA72A9-97ED-AE5C-B1F9-27120A99E87D}.Release|Any CPU.ActiveCfg = Release|Any CPU
		{37CA72A9-97ED-AE5C-B1F9-27120A99E87D}.Release|Any CPU.Build.0 = Release|Any CPU
		{FA4DDA10-CD03-4676-3D08-5F415C066FFD}.Debug|Any CPU.ActiveCfg = Debug|Any CPU
		{FA4DDA10-CD03-4676-3D08-5F415C066FFD}.Debug|Any CPU.Build.0 = Debug|Any CPU
		{FA4DDA10-CD03-4676-3D08-5F415C066FFD}.Release|Any CPU.ActiveCfg = Release|Any CPU
		{FA4DDA10-CD03-4676-3D08-5F415C066FFD}.Release|Any CPU.Build.0 = Release|Any CPU
		{7B047C9E-8E32-3B73-D9E0-A54512F94E17}.Debug|Any CPU.ActiveCfg = Debug|Any CPU
		{7B047C9E-8E32-3B73-D9E0-A54512F94E17}.Debug|Any CPU.Build.0 = Debug|Any CPU
		{7B047C9E-8E32-3B73-D9E0-A54512F94E17}.Release|Any CPU.ActiveCfg = Release|Any CPU
		{7B047C9E-8E32-3B73-D9E0-A54512F94E17}.Release|Any CPU.Build.0 = Release|Any CPU
		{0A651769-9966-BBA6-31A8-63708DF5CE5F}.Debug|Any CPU.ActiveCfg = Debug|Any CPU
		{0A651769-9966-BBA6-31A8-63708DF5CE5F}.Debug|Any CPU.Build.0 = Debug|Any CPU
		{0A651769-9966-BBA6-31A8-63708DF5CE5F}.Release|Any CPU.ActiveCfg = Release|Any CPU
		{0A651769-9966-BBA6-31A8-63708DF5CE5F}.Release|Any CPU.Build.0 = Release|Any CPU
	EndGlobalSection
	GlobalSection(SolutionProperties) = preSolution
		HideSolutionNode = FALSE
	EndGlobalSection
	GlobalSection(ExtensibilityGlobals) = postSolution
		SolutionGuid = {2E4C7718-6165-46C6-B3CC-9AE0129048C4}
	EndGlobalSection
EndGlobal
